{
  "name": "@m0rtzz/clipshot",
  "version": "1.0.18",
  "lockfileVersion": 3,
  "requires": true,
  "packages": {
    "": {
      "name": "@m0rtzz/clipshot",
      "version": "1.0.18",
      "license": "MIT",
      "dependencies": {
        "@crosscopy/clipboard": "^0.2.8",
        "enquirer": "^2.4.1"
      },
      "bin": {
        "clipshot": "dist/index.js"
      },
      "devDependencies": {
        "@types/node": "^25.0.10",
        "typescript": "^5.9.3"
      }
    },
    "node_modules/@crosscopy/clipboard": {
      "version": "0.2.8",
      "resolved": "https://registry.npmjs.org/@crosscopy/clipboard/-/clipboard-0.2.8.tgz",
      "integrity": "sha512-0qRWscafAHzQ+DdfXX+YgPN2KDTIzWBNfN5Q6z1CgCWsRxtkwK8HfQUc00xIejfRWSGWPIxcCTg82hvg06bodg==",
      "license": "MIT",
      "engines": {
        "node": ">= 10"
      },
      "optionalDependencies": {
        "@crosscopy/clipboard-darwin-arm64": "0.2.8",
        "@crosscopy/clipboard-darwin-universal": "0.2.8",
        "@crosscopy/clipboard-darwin-x64": "0.2.8",
        "@crosscopy/clipboard-linux-arm64-gnu": "0.2.8",
        "@crosscopy/clipboard-linux-riscv64-gnu": "0.2.8",
        "@crosscopy/clipboard-linux-x64-gnu": "0.2.8",
        "@crosscopy/clipboard-win32-arm64-msvc": "0.2.8",
        "@crosscopy/clipboard-win32-x64-msvc": "0.2.8"
      }
    },
    "node_modules/@crosscopy/clipboard-darwin-arm64": {
      "version": "0.2.8",
      "resolved": "https://registry.npmjs.org/@crosscopy/clipboard-darwin-arm64/-/clipboard-darwin-arm64-0.2.8.tgz",
      "integrity": "sha512-Y36ST9k5JZgtDE6SBT45bDNkPKBHd4UEIZgWnC0iC4kAWwdjPmsZ8Mn8e5W0YUKowJ/BDcO+EGm2tVTPQOQKXg==",
      "cpu": [
        "arm64"
      ],
      "license": "MIT",
      "optional": true,
      "os": [
        "darwin"
      ],
      "engines": {
        "node": ">= 10"
      }
    },
    "node_modules/@crosscopy/clipboard-darwin-universal": {
      "version": "0.2.8",
      "resolved": "https://registry.npmjs.org/@crosscopy/clipboard-darwin-universal/-/clipboard-darwin-universal-0.2.8.tgz",
      "integrity": "sha512-btGV1tLpJWZ4iKa66niahvpZpVRJzgQnYUE+PUX3YYZzaWD0ESuHuVtKVC8sR+b4dsXIiWW5skXbcRmLsF4rtA==",
      "license": "MIT",
      "optional": true,
      "os": [
        "darwin"
      ],
      "engines": {
        "node": ">= 10"
      }
    },
    "node_modules/@crosscopy/clipboard-darwin-x64": {
      "version": "0.2.8",
      "resolved": "https://registry.npmjs.org/@crosscopy/clipboard-darwin-x64/-/clipboard-darwin-x64-0.2.8.tgz",
      "integrity": "sha512-0QMKf0XrLZrprYYXU4lgaTuzbnYPh9wH6PvsfDB1FZvWf6rOi0syTaBZYnoghbQe700qwLPEfBRjgljJ3Tn6oA==",
      "cpu": [
        "x64"
      ],
      "license": "MIT",
      "optional": true,
      "os": [
        "darwin"
      ],
      "engines": {
        "node": ">= 10"
      }
    },
    "node_modules/@crosscopy/clipboard-linux-arm64-gnu": {
      "version": "0.2.8",
      "resolved": "https://registry.npmjs.org/@crosscopy/clipboard-linux-arm64-gnu/-/clipboard-linux-arm64-gnu-0.2.8.tgz",
      "integrity": "sha512-8YrU03MRsygymqEcHkNgqCqSCQbYRmJCnMXeS4i8FYeOkAxBEeRvPbHoNmI10uppXJZNZgfIKM7Qqk9tEHiwqQ==",
      "cpu": [
        "arm64"
      ],
      "license": "MIT",
      "optional": true,
      "os": [
        "linux"
      ],
      "engines": {
        "node": ">= 10"
      }
    },
    "node_modules/@crosscopy/clipboard-linux-riscv64-gnu": {
      "version": "0.2.8",
      "resolved": "https://registry.npmjs.org/@crosscopy/clipboard-linux-riscv64-gnu/-/clipboard-linux-riscv64-gnu-0.2.8.tgz",
      "integrity": "sha512-/QWLhnb0QYVjEv5GOAC1q+1DaezYU8Th+IoDKUCsR5i43Cqm+g+N/I2K35yo3J+HHkK9XNbtIDZDXlFgK6tRUg==",
      "cpu": [
        "riscv64"
      ],
      "license": "MIT",
      "optional": true,
      "os": [
        "linux"
      ],
      "engines": {
        "node": ">= 10"
      }
    },
    "node_modules/@crosscopy/clipboard-linux-x64-gnu": {
      "version": "0.2.8",
      "resolved": "https://registry.npmjs.org/@crosscopy/clipboard-linux-x64-gnu/-/clipboard-linux-x64-gnu-0.2.8.tgz",
      "integrity": "sha512-j17eaF/onP/6VAGGKtxA1KmmkErmdjta9gMdMV/yUmgeBYzJ9fMpWUzbk2vmaOyXfhaSzR/sk1P6VLBmvCpqHg==",
      "cpu": [
        "x64"
      ],
      "license": "MIT",
      "optional": true,
      "os": [
        "linux"
      ],
      "engines": {
        "node": ">= 10"
      }
    },
    "node_modules/@crosscopy/clipboard-win32-arm64-msvc": {
      "version": "0.2.8",
      "resolved": "https://registry.npmjs.org/@crosscopy/clipboard-win32-arm64-msvc/-/clipboard-win32-arm64-msvc-0.2.8.tgz",
      "integrity": "sha512-MVkMyuYN3y5v0s4HrijM0iA8hZVmpUhHd8X4zKG30t4nE6MbOjOt/8EabMrVmGZlsLeOL2sa0o8Wo9bvhWU+vA==",
      "cpu": [
        "arm64"
      ],
      "license": "MIT",
      "optional": true,
      "os": [
        "win32"
      ],
      "engines": {
        "node": ">= 10"
      }
    },
    "node_modules/@crosscopy/clipboard-win32-x64-msvc": {
      "version": "0.2.8",
      "resolved": "https://registry.npmjs.org/@crosscopy/clipboard-win32-x64-msvc/-/clipboard-win32-x64-msvc-0.2.8.tgz",
      "integrity": "sha512-/GpiB4B3lSgg7eCLDQw9NfFjtQFjo0S88IL+EK54Hx7ZgAP4Ad/ezP/8dw0cA+N/M6iPYy0reCIjW9st82/uxw==",
      "cpu": [
        "x64"
      ],
      "license": "MIT",
      "optional": true,
      "os": [
        "win32"
      ],
      "engines": {
        "node": ">= 10"
      }
    },
    "node_modules/@types/node": {
      "version": "25.0.10",
      "resolved": "https://registry.npmjs.org/@types/node/-/node-25.0.10.tgz",
      "integrity": "sha512-zWW5KPngR/yvakJgGOmZ5vTBemDoSqF3AcV/LrO5u5wTWyEAVVh+IT39G4gtyAkh3CtTZs8aX/yRM82OfzHJRg==",
      "dev": true,
      "license": "MIT",
      "dependencies": {
        "undici-types": "~7.16.0"
      }
    },
    "node_modules/ansi-colors": {
      "version": "4.1.3",
      "resolved": "https://registry.npmjs.org/ansi-colors/-/ansi-colors-4.1.3.tgz",
      "integrity": "sha512-/6w/C21Pm1A7aZitlI5Ni/2J6FFQN8i1Cvz3kHABAAbw93v/NlvKdVOqz7CCWz/3iv/JplRSEEZ83XION15ovw==",
      "license": "MIT",
      "engines": {
        "node": ">=6"
      }
    },
    "node_modules/ansi-regex": {
      "version": "5.0.1",
      "resolved": "https://registry.npmjs.org/ansi-regex/-/ansi-regex-5.0.1.tgz",
      "integrity": "sha512-quJQXlTSUGL2LH9SUXo8VwsY4soanhgo6LNSm84E1LBcE8s3O0wpdiRzyR9z/ZZJMlMWv37qOOb9pdJlMUEKFQ==",
      "license": "MIT",
      "engines": {
        "node": ">=8"
      }
    },
    "node_modules/enquirer": {
      "version": "2.4.1",
      "resolved": "https://registry.npmjs.org/enquirer/-/enquirer-2.4.1.tgz",
      "integrity": "sha512-rRqJg/6gd538VHvR3PSrdRBb/1Vy2YfzHqzvbhGIQpDRKIa4FgV/54b5Q1xYSxOOwKvjXweS26E0Q+nAMwp2pQ==",
      "license": "MIT",
      "dependencies": {
        "ansi-colors": "^4.1.1",
        "strip-ansi": "^6.0.1"
      },
      "engines": {
        "node": ">=8.6"
      }
    },
    "node_modules/strip-ansi": {
      "version": "6.0.1",
      "resolved": "https://registry.npmjs.org/strip-ansi/-/strip-ansi-6.0.1.tgz",
      "integrity": "sha512-Y38VPSHcqkFrCpFnQ9vuSXmquuv5oXOKpGeT6aGrr3o3Gc9AlVa6JBfUSOCnbxGGZF+/0ooI7KrPuUSztUdU5A==",
      "license": "MIT",
      "dependencies": {
        "ansi-regex": "^5.0.1"
      },
      "engines": {
        "node": ">=8"
      }
    },
    "node_modules/typescript": {
      "version": "5.9.3",
      "resolved": "https://registry.npmjs.org/typescript/-/typescript-5.9.3.tgz",
      "integrity": "sha512-jl1vZzPDinLr9eUt3J/t7V6FgNEw9QjvBPdysz9KfQDD41fQrC2Y4vKQdiaUpFT4bXlb1RHhLpp8wtm6M5TgSw==",
      "dev": true,
      "license": "Apache-2.0",
      "bin": {
        "tsc": "bin/tsc",
        "tsserver": "bin/tsserver"
      },
      "engines": {
        "node": ">=14.17"
      }
    },
    "node_modules/undici-types": {
      "version": "7.16.0",
      "resolved": "https://registry.npmjs.org/undici-types/-/undici-types-7.16.0.tgz",
      "integrity": "sha512-Zz+aZWSj8LE6zoxD+xrjh4VfkIG8Ya6LvYkZqtUQGJPZjYl53ypCaUwWqo7eI0x66KBGeRo+mlBEkMSeSZ38Nw==",
      "dev": true,
      "license": "MIT"
    }
  }
}
